// !$*UTF8*$!
{
	archiveVersion = 1;
	classes = {
	};
	objectVersion = 55;
	objects = {

/* Begin PBXBuildFile section */
		588EB6E12727F5A800D432E7 /* AppDelegate.m in Sources */ = {isa = PBXBuildFile; fileRef = 588EB6E02727F5A800D432E7 /* AppDelegate.m */; };
		588EB6E42727F5A800D432E7 /* SceneDelegate.m in Sources */ = {isa = PBXBuildFile; fileRef = 588EB6E32727F5A800D432E7 /* SceneDelegate.m */; };
		588EB6E72727F5A800D432E7 /* ViewController.m in Sources */ = {isa = PBXBuildFile; fileRef = 588EB6E62727F5A800D432E7 /* ViewController.m */; };
		588EB6EA2727F5A800D432E7 /* Main.storyboard in Resources */ = {isa = PBXBuildFile; fileRef = 588EB6E82727F5A800D432E7 /* Main.storyboard */; };
		588EB6EC2727F5AB00D432E7 /* Assets.xcassets in Resources */ = {isa = PBXBuildFile; fileRef = 588EB6EB2727F5AB00D432E7 /* Assets.xcassets */; };
		588EB6EF2727F5AB00D432E7 /* LaunchScreen.storyboard in Resources */ = {isa = PBXBuildFile; fileRef = 588EB6ED2727F5AB00D432E7 /* LaunchScreen.storyboard */; };
		588EB6F22727F5AB00D432E7 /* main.m in Sources */ = {isa = PBXBuildFile; fileRef = 588EB6F12727F5AB00D432E7 /* main.m */; };
		58BAC802275E0FBE00EB75D2 /* TYPopView.m in Sources */ = {isa = PBXBuildFile; fileRef = 58BAC801275E0FBE00EB75D2 /* TYPopView.m */; };
		58E5188B275F34FB0036EF99 /* ExamplePopView1.m in Sources */ = {isa = PBXBuildFile; fileRef = 58E5188A275F34FB0036EF99 /* ExamplePopView1.m */; };
		58E5188E275F37FC0036EF99 /* ExamplePopView2.m in Sources */ = {isa = PBXBuildFile; fileRef = 58E5188D275F37FC0036EF99 /* ExamplePopView2.m */; };
		58E51891275F385E0036EF99 /* ExamplePopView3.m in Sources */ = {isa = PBXBuildFile; fileRef = 58E51890275F385E0036EF99 /* ExamplePopView3.m */; };
/* End PBXBuildFile section */

/* Begin PBXFileReference section */
		588EB6DC2727F5A800D432E7 /* TYPopView.app */ = {isa = PBXFileReference; explicitFileType = wrapper.application; includeInIndex = 0; path = TYPopView.app; sourceTree = BUILT_PRODUCTS_DIR; };
		588EB6DF2727F5A800D432E7 /* AppDelegate.h */ = {isa = PBXFileReference; lastKnownFileType = sourcecode.c.h; path = AppDelegate.h; sourceTree = "<group>"; };
		588EB6E02727F5A800D432E7 /* AppDelegate.m */ = {isa = PBXFileReference; lastKnownFileType = sourcecode.c.objc; path = AppDelegate.m; sourceTree = "<group>"; };
		588EB6E22727F5A800D432E7 /* SceneDelegate.h */ = {isa = PBXFileReference; lastKnownFileType = sourcecode.c.h; path = SceneDelegate.h; sourceTree = "<group>"; };
		588EB6E32727F5A800D432E7 /* SceneDelegate.m */ = {isa = PBXFileReference; lastKnownFileType = sourcecode.c.objc; path = SceneDelegate.m; sourceTree = "<group>"; };
		588EB6E52727F5A800D432E7 /* ViewController.h */ = {isa = PBXFileReference; lastKnownFileType = sourcecode.c.h; path = ViewController.h; sourceTree = "<group>"; };
		588EB6E62727F5A800D432E7 /* ViewController.m */ = {isa = PBXFileReference; lastKnownFileType = sourcecode.c.objc; path = ViewController.m; sourceTree = "<group>"; };
		588EB6E92727F5A800D432E7 /* Base */ = {isa = PBXFileReference; lastKnownFileType = file.storyboard; name = Base; path = Base.lproj/Main.storyboard; sourceTree = "<group>"; };
		588EB6EB2727F5AB00D432E7 /* Assets.xcassets */ = {isa = PBXFileReference; lastKnownFileType = folder.assetcatalog; path = Assets.xcassets; sourceTree = "<group>"; };
		588EB6EE2727F5AB00D432E7 /* Base */ = {isa = PBXFileReference; lastKnownFileType = file.storyboard; name = Base; path = Base.lproj/LaunchScreen.storyboard; sourceTree = "<group>"; };
		588EB6F02727F5AB00D432E7 /* Info.plist */ = {isa = PBXFileReference; lastKnownFileType = text.plist.xml; path = Info.plist; sourceTree = "<group>"; };
		588EB6F12727F5AB00D432E7 /* main.m */ = {isa = PBXFileReference; lastKnownFileType = sourcecode.c.objc; path = main.m; sourceTree = "<group>"; };
		58BAC800275E0FBE00EB75D2 /* TYPopView.h */ = {isa = PBXFileReference; lastKnownFileType = sourcecode.c.h; path = TYPopView.h; sourceTree = "<group>"; };
		58BAC801275E0FBE00EB75D2 /* TYPopView.m */ = {isa = PBXFileReference; lastKnownFileType = sourcecode.c.objc; path = TYPopView.m; sourceTree = "<group>"; };
		58E51889275F34FB0036EF99 /* ExamplePopView1.h */ = {isa = PBXFileReference; lastKnownFileType = sourcecode.c.h; path = ExamplePopView1.h; sourceTree = "<group>"; };
		58E5188A275F34FB0036EF99 /* ExamplePopView1.m */ = {isa = PBXFileReference; lastKnownFileType = sourcecode.c.objc; path = ExamplePopView1.m; sourceTree = "<group>"; };
		58E5188C275F37FC0036EF99 /* ExamplePopView2.h */ = {isa = PBXFileReference; lastKnownFileType = sourcecode.c.h; path = ExamplePopView2.h; sourceTree = "<group>"; };
		58E5188D275F37FC0036EF99 /* ExamplePopView2.m */ = {isa = PBXFileReference; lastKnownFileType = sourcecode.c.objc; path = ExamplePopView2.m; sourceTree = "<group>"; };
		58E5188F275F385E0036EF99 /* ExamplePopView3.h */ = {isa = PBXFileReference; lastKnownFileType = sourcecode.c.h; path = ExamplePopView3.h; sourceTree = "<group>"; };
		58E51890275F385E0036EF99 /* ExamplePopView3.m */ = {isa = PBXFileReference; lastKnownFileType = sourcecode.c.objc; path = ExamplePopView3.m; sourceTree = "<group>"; };
/* End PBXFileReference section */

/* Begin PBXFrameworksBuildPhase section */
		588EB6D92727F5A800D432E7 /* Frameworks */ = {
			isa = PBXFrameworksBuildPhase;
			buildActionMask = 2147483647;
			files = (
			);
			runOnlyForDeploymentPostprocessing = 0;
		};
/* End PBXFrameworksBuildPhase section */

/* Begin PBXGroup section */
		588EB6D32727F5A800D432E7 = {
			isa = PBXGroup;
			children = (
				588EB6DE2727F5A800D432E7 /* TYPopView */,
				588EB6DD2727F5A800D432E7 /* Products */,
			);
			sourceTree = "<group>";
		};
		588EB6DD2727F5A800D432E7 /* Products */ = {
			isa = PBXGroup;
			children = (
				588EB6DC2727F5A800D432E7 /* TYPopView.app */,
			);
			name = Products;
			sourceTree = "<group>";
		};
		588EB6DE2727F5A800D432E7 /* TYPopView */ = {
			isa = PBXGroup;
			children = (
				58E67EA12732950E000579FA /* Base */,
				588EB6DF2727F5A800D432E7 /* AppDelegate.h */,
				588EB6E02727F5A800D432E7 /* AppDelegate.m */,
				588EB6E22727F5A800D432E7 /* SceneDelegate.h */,
				588EB6E32727F5A800D432E7 /* SceneDelegate.m */,
				588EB6E52727F5A800D432E7 /* ViewController.h */,
				588EB6E62727F5A800D432E7 /* ViewController.m */,
				588EB6E82727F5A800D432E7 /* Main.storyboard */,
				588EB6EB2727F5AB00D432E7 /* Assets.xcassets */,
				588EB6ED2727F5AB00D432E7 /* LaunchScreen.storyboard */,
				588EB6F02727F5AB00D432E7 /* Info.plist */,
				588EB6F12727F5AB00D432E7 /* main.m */,
			);
			path = TYPopView;
			sourceTree = "<group>";
		};
		58BAC7FF275E0F9400EB75D2 /* Pop */ = {
			isa = PBXGroup;
			children = (
				58BAC800275E0FBE00EB75D2 /* TYPopView.h */,
				58BAC801275E0FBE00EB75D2 /* TYPopView.m */,
			);
			path = Pop;
			sourceTree = "<group>";
		};
		58E51888275F34E20036EF99 /* Example */ = {
			isa = PBXGroup;
			children = (
				58E51889275F34FB0036EF99 /* ExamplePopView1.h */,
				58E5188A275F34FB0036EF99 /* ExamplePopView1.m */,
				58E5188C275F37FC0036EF99 /* ExamplePopView2.h */,
				58E5188D275F37FC0036EF99 /* ExamplePopView2.m */,
				58E5188F275F385E0036EF99 /* ExamplePopView3.h */,
				58E51890275F385E0036EF99 /* ExamplePopView3.m */,
			);
			path = Example;
			sourceTree = "<group>";
		};
		58E67EA12732950E000579FA /* Base */ = {
			isa = PBXGroup;
			children = (
				58E51888275F34E20036EF99 /* Example */,
				58BAC7FF275E0F9400EB75D2 /* Pop */,
			);
			path = Base;
			sourceTree = "<group>";
		};
/* End PBXGroup section */

/* Begin PBXNativeTarget section */
		588EB6DB2727F5A800D432E7 /* TYPopView */ = {
			isa = PBXNativeTarget;
			buildConfigurationList = 588EB6F52727F5AB00D432E7 /* Build configuration list for PBXNativeTarget "TYPopView" */;
			buildPhases = (
				588EB6D82727F5A800D432E7 /* Sources */,
				588EB6D92727F5A800D432E7 /* Frameworks */,
				588EB6DA2727F5A800D432E7 /* Resources */,
			);
			buildRules = (
			);
			dependencies = (
			);
			name = TYPopView;
			productName = TYPopView;
			productReference = 588EB6DC2727F5A800D432E7 /* TYPopView.app */;
			productType = "com.apple.product-type.application";
		};
/* End PBXNativeTarget section */

/* Begin PBXProject section */
		588EB6D42727F5A800D432E7 /* Project object */ = {
			isa = PBXProject;
			attributes = {
				BuildIndependentTargetsInParallel = 1;
				LastUpgradeCheck = 1300;
				TargetAttributes = {
					588EB6DB2727F5A800D432E7 = {
						CreatedOnToolsVersion = 13.0;
					};
				};
			};
			buildConfigurationList = 588EB6D72727F5A800D432E7 /* Build configuration list for PBXProject "TYPopView" */;
			compatibilityVersion = "Xcode 13.0";
			developmentRegion = en;
			hasScannedForEncodings = 0;
			knownRegions = (
				en,
				Base,
			);
			mainGroup = 588EB6D32727F5A800D432E7;
			productRefGroup = 588EB6DD2727F5A800D432E7 /* Products */;
			projectDirPath = "";
			projectRoot = "";
			targets = (
				588EB6DB2727F5A800D432E7 /* TYPopView */,
			);
		};
/* End PBXProject section */

/* Begin PBXResourcesBuildPhase section */
		588EB6DA2727F5A800D432E7 /* Resources */ = {
			isa = PBXResourcesBuildPhase;
			buildActionMask = 2147483647;
			files = (
				588EB6EF2727F5AB00D432E7 /* LaunchScreen.storyboard in Resources */,
				588EB6EC2727F5AB00D432E7 /* Assets.xcassets in Resources */,
				588EB6EA2727F5A800D432E7 /* Main.storyboard in Resources */,
			);
			runOnlyForDeploymentPostprocessing = 0;
		};
/* End PBXResourcesBuildPhase section */

/* Begin PBXSourcesBuildPhase section */
		588EB6D82727F5A800D432E7 /* Sources */ = {
			isa = PBXSourcesBuildPhase;
			buildActionMask = 2147483647;
			files = (
				58BAC802275E0FBE00EB75D2 /* TYPopView.m in Sources */,
				58E5188B275F34FB0036EF99 /* ExamplePopView1.m in Sources */,
				588EB6E72727F5A800D432E7 /* ViewController.m in Sources */,
				588EB6E12727F5A800D432E7 /* AppDelegate.m in Sources */,
				588EB6F22727F5AB00D432E7 /* main.m in Sources */,
				58E51891275F385E0036EF99 /* ExamplePopView3.m in Sources */,
				588EB6E42727F5A800D432E7 /* SceneDelegate.m in Sources */,
				58E5188E275F37FC0036EF99 /* ExamplePopView2.m in Sources */,
			);
			runOnlyForDeploymentPostprocessing = 0;
		};
/* End PBXSourcesBuildPhase section */

/* Begin PBXVariantGroup section */
		588EB6E82727F5A800D432E7 /* Main.storyboard */ = {
			isa = PBXVariantGroup;
			children = (
				588EB6E92727F5A800D432E7 /* Base */,
			);
			name = Main.storyboard;
			sourceTree = "<group>";
		};
		588EB6ED2727F5AB00D432E7 /* LaunchScreen.storyboard */ = {
			isa = PBXVariantGroup;
			children = (
				588EB6EE2727F5AB00D432E7 /* Base */,
			);
			name = LaunchScreen.storyboard;
			sourceTree = "<group>";
		};
/* End PBXVariantGroup section */

/* Begin XCBuildConfiguration section */
		588EB6F32727F5AB00D432E7 /* Debug */ = {
			isa = XCBuildConfiguration;
			buildSettings = {
				ALWAYS_SEARCH_USER_PATHS = NO;
				CLANG_ANALYZER_NONNULL = YES;
				CLANG_ANALYZER_NUMBER_OBJECT_CONVERSION = YES_AGGRESSIVE;
				CLANG_CXX_LANGUAGE_STANDARD = "gnu++17";
				CLANG_CXX_LIBRARY = "libc++";
				CLANG_ENABLE_MODULES = YES;
				CLANG_ENABLE_OBJC_ARC = YES;
				CLANG_ENABLE_OBJC_WEAK = YES;
				CLANG_WARN_BLOCK_CAPTURE_AUTORELEASING = YES;
				CLANG_WARN_BOOL_CONVERSION = YES;
				CLANG_WARN_COMMA = YES;
				CLANG_WARN_CONSTANT_CONVERSION = YES;
				CLANG_WARN_DEPRECATED_OBJC_IMPLEMENTATIONS = YES;
				CLANG_WARN_DIRECT_OBJC_ISA_USAGE = YES_ERROR;
				CLANG_WARN_DOCUMENTATION_COMMENTS = YES;
				CLANG_WARN_EMPTY_BODY = YES;
				CLANG_WARN_ENUM_CONVERSION = YES;
				CLANG_WARN_INFINITE_RECURSION = YES;
				CLANG_WARN_INT_CONVERSION = YES;
				CLANG_WARN_NON_LITERAL_NULL_CONVERSION = YES;
				CLANG_WARN_OBJC_IMPLICIT_RETAIN_SELF = YES;
				CLANG_WARN_OBJC_LITERAL_CONVERSION = YES;
				CLANG_WARN_OBJC_ROOT_CLASS = YES_ERROR;
				CLANG_WARN_QUOTED_INCLUDE_IN_FRAMEWORK_HEADER = YES;
				CLANG_WARN_RANGE_LOOP_ANALYSIS = YES;
				CLANG_WARN_STRICT_PROTOTYPES = YES;
				CLANG_WARN_SUSPICIOUS_MOVE = YES;
				CLANG_WARN_UNGUARDED_AVAILABILITY = YES_AGGRESSIVE;
				CLANG_WARN_UNREACHABLE_CODE = YES;
				CLANG_WARN__DUPLICATE_METHOD_MATCH = YES;
				COPY_PHASE_STRIP = NO;
				DEBUG_INFORMATION_FORMAT = dwarf;
				ENABLE_STRICT_OBJC_MSGSEND = YES;
				ENABLE_TESTABILITY = YES;
				GCC_C_LANGUAGE_STANDARD = gnu11;
				GCC_DYNAMIC_NO_PIC = NO;
				GCC_NO_COMMON_BLOCKS = YES;
				GCC_OPTIMIZATION_LEVEL = 0;
				GCC_PREPROCESSOR_DEFINITIONS = (
					"DEBUG=1",
					"$(inherited)",
				);
				GCC_WARN_64_TO_32_BIT_CONVERSION = YES;
				GCC_WARN_ABOUT_RETURN_TYPE = YES_ERROR;
				GCC_WARN_UNDECLARED_SELECTOR = YES;
				GCC_WARN_UNINITIALIZED_AUTOS = YES_AGGRESSIVE;
				GCC_WARN_UNUSED_FUNCTION = YES;
				GCC_WARN_UNUSED_VARIABLE = YES;
				IPHONEOS_DEPLOYMENT_TARGET = 12.0;
				MTL_ENABLE_DEBUG_INFO = INCLUDE_SOURCE;
				MTL_FAST_MATH = YES;
				ONLY_ACTIVE_ARCH = YES;
				SDKROOT = iphoneos;
			};
			name = Debug;
		};
		588EB6F42727F5AB00D432E7 /* Release */ = {
			isa = XCBuildConfiguration;
			buildSettings = {
				ALWAYS_SEARCH_USER_PATHS = NO;
				CLANG_ANALYZER_NONNULL = YES;
				CLANG_ANALYZER_NUMBER_OBJECT_CONVERSION = YES_AGGRESSIVE;
				CLANG_CXX_LANGUAGE_STANDARD = "gnu++17";
				CLANG_CXX_LIBRARY = "libc++";
				CLANG_ENABLE_MODULES = YES;
				CLANG_ENABLE_OBJC_ARC = YES;
				CLANG_ENABLE_OBJC_WEAK = YES;
				CLANG_WARN_BLOCK_CAPTURE_AUTORELEASING = YES;
				CLANG_WARN_BOOL_CONVERSION = YES;
				CLANG_WARN_COMMA = YES;
				CLANG_WARN_CONSTANT_CONVERSION = YES;
				CLANG_WARN_DEPRECATED_OBJC_IMPLEMENTATIONS = YES;
				CLANG_WARN_DIRECT_OBJC_ISA_USAGE = YES_ERROR;
				CLANG_WARN_DOCUMENTATION_COMMENTS = YES;
				CLANG_WARN_EMPTY_BODY = YES;
				CLANG_WARN_ENUM_CONVERSION = YES;
				CLANG_WARN_INFINITE_RECURSION = YES;
				CLANG_WARN_INT_CONVERSION = YES;
				CLANG_WARN_NON_LITERAL_NULL_CONVERSION = YES;
				CLANG_WARN_OBJC_IMPLICIT_RETAIN_SELF = YES;
				CLANG_WARN_OBJC_LITERAL_CONVERSION = YES;
				CLANG_WARN_OBJC_ROOT_CLASS = YES_ERROR;
				CLANG_WARN_QUOTED_INCLUDE_IN_FRAMEWORK_HEADER = YES;
				CLANG_WARN_RANGE_LOOP_ANALYSIS = YES;
				CLANG_WARN_STRICT_PROTOTYPES = YES;
				CLANG_WARN_SUSPICIOUS_MOVE = YES;
				CLANG_WARN_UNGUARDED_AVAILABILITY = YES_AGGRESSIVE;
				CLANG_WARN_UNREACHABLE_CODE = YES;
				CLANG_WARN__DUPLICATE_METHOD_MATCH = YES;
				COPY_PHASE_STRIP = NO;
				DEBUG_INFORMATION_FORMAT = "dwarf-with-dsym";
				ENABLE_NS_ASSERTIONS = NO;
				ENABLE_STRICT_OBJC_MSGSEND = YES;
				GCC_C_LANGUAGE_STANDARD = gnu11;
				GCC_NO_COMMON_BLOCKS = YES;
				GCC_WARN_64_TO_32_BIT_CONVERSION = YES;
				GCC_WARN_ABOUT_RETURN_TYPE = YES_ERROR;
				GCC_WARN_UNDECLARED_SELECTOR = YES;
				GCC_WARN_UNINITIALIZED_AUTOS = YES_AGGRESSIVE;
				GCC_WARN_UNUSED_FUNCTION = YES;
				GCC_WARN_UNUSED_VARIABLE = YES;
				IPHONEOS_DEPLOYMENT_TARGET = 12.0;
				MTL_ENABLE_DEBUG_INFO = NO;
				MTL_FAST_MATH = YES;
				SDKROOT = iphoneos;
				VALIDATE_PRODUCT = YES;
			};
			name = Release;
		};
		588EB6F62727F5AB00D432E7 /* Debug */ = {
			isa = XCBuildConfiguration;
			buildSettings = {
				ASSETCATALOG_COMPILER_APPICON_NAME = AppIcon;
				ASSETCATALOG_COMPILER_GLOBAL_ACCENT_COLOR_NAME = AccentColor;
				CODE_SIGN_STYLE = Automatic;
				CURRENT_PROJECT_VERSION = 1;
				DEVELOPMENT_TEAM = 34D3K8H6K4;
				GENERATE_INFOPLIST_FILE = YES;
				INFOPLIST_FILE = TYPopView/Info.plist;
				INFOPLIST_KEY_UIApplicationSupportsIndirectInputEvents = YES;
				INFOPLIST_KEY_UILaunchStoryboardName = LaunchScreen;
				INFOPLIST_KEY_UIMainStoryboardFile = Main;
				INFOPLIST_KEY_UISupportedInterfaceOrientations_iPad = "UIInterfaceOrientationPortrait UIInterfaceOrientationPortraitUpsideDown UIInterfaceOrientationLandscapeLeft UIInterfaceOrientationLandscapeRight";
				INFOPLIST_KEY_UISupportedInterfaceOrientations_iPhone = "UIInterfaceOrientationPortrait UIInterfaceOrientationLandscapeLeft UIInterfaceOrientationLandscapeRight";
				LD_RUNPATH_SEARCH_PATHS = (
					"$(inherited)",
					"@executable_path/Frameworks",
				);
				MARKETING_VERSION = 1.0;
				PRODUCT_BUNDLE_IDENTIFIER = com.fprice.TYPopView;
				PRODUCT_NAME = "$(TARGET_NAME)";
				SWIFT_EMIT_LOC_STRINGS = YES;
				TARGETED_DEVICE_FAMILY = "1,2";
			};
			name = Debug;
		};
		588EB6F72727F5AB00D432E7 /* Release */ = {
			isa = XCBuildConfiguration;
			buildSettings = {
				ASSETCATALOG_COMPILER_APPICON_NAME = AppIcon;
				ASSETCATALOG_COMPILER_GLOBAL_ACCENT_COLOR_NAME = AccentColor;
				CODE_SIGN_STYLE = Automatic;
				CURRENT_PROJECT_VERSION = 1;
				DEVELOPMENT_TEAM = 34D3K8H6K4;
				GENERATE_INFOPLIST_FILE = YES;
				INFOPLIST_FILE = TYPopView/Info.plist;
				INFOPLIST_KEY_UIApplicationSupportsIndirectInputEvents = YES;
				INFOPLIST_KEY_UILaunchStoryboardName = LaunchScreen;
				INFOPLIST_KEY_UIMainStoryboardFile = Main;
				INFOPLIST_KEY_UISupportedInterfaceOrientations_iPad = "UIInterfaceOrientationPortrait UIInterfaceOrientationPortraitUpsideDown UIInterfaceOrientationLandscapeLeft UIInterfaceOrientationLandscapeRight";
				INFOPLIST_KEY_UISupportedInterfaceOrientations_iPhone = "UIInterfaceOrientationPortrait UIInterfaceOrientationLandscapeLeft UIInterfaceOrientationLandscapeRight";
				LD_RUNPATH_SEARCH_PATHS = (
					"$(inherited)",
					"@executable_path/Frameworks",
				);
				MARKETING_VERSION = 1.0;
				PRODUCT_BUNDLE_IDENTIFIER = com.fprice.TYPopView;
				PRODUCT_NAME = "$(TARGET_NAME)";
				SWIFT_EMIT_LOC_STRINGS = YES;
				TARGETED_DEVICE_FAMILY = "1,2";
			};
			name = Release;
		};
/* End XCBuildConfiguration section */

/* Begin XCConfigurationList section */
		588EB6D72727F5A800D432E7 /* Build configuration list for PBXProject "TYPopView" */ = {
			isa = XCConfigurationList;
			buildConfigurations = (
				588EB6F32727F5AB00D432E7 /* Debug */,
				588EB6F42727F5AB00D432E7 /* Release */,
			);
			defaultConfigurationIsVisible = 0;
			defaultConfigurationName = Release;
		};
		588EB6F52727F5AB00D432E7 /* Build configuration list for PBXNativeTarget "TYPopView" */ = {
			isa = XCConfigurationList;
			buildConfigurations = (
				588EB6F62727F5AB00D432E7 /* Debug */,
				588EB6F72727F5AB00D432E7 /* Release */,
			);
			defaultConfigurationIsVisible = 0;
			defaultConfigurationName = Release;
		};
/* End XCConfigurationList section */
	};
	rootObject = 588EB6D42727F5A800D432E7 /* Project object */;
}
